# This file was autogenerated by Stack.
# You should not edit this file by hand.
# For more information, please see the documentation at:
#   https://docs.haskellstack.org/en/stable/lock_files

packages: []
snapshots:
- completed:
    sha256: 0825542fc6eebc0f610a33b567cedcb014f5c083bc6d729c75970ebb087db0fd
    size: 580406
    url: https://raw.githubusercontent.com/commercialhaskell/stackage-snapshots/master/nightly/2021/9/8.yaml
  original: nightly-2021-09-08
